
Microsoft Visual Studio Solution File, Format Version 12.00
# Visual Studio 15
VisualStudioVersion = 15.0.28010.2050
MinimumVisualStudioVersion = 10.0.40219.1
Project("{2150E333-8FDC-42A3-9474-1A3956D46DE8}") = "Identity", "Identity", "{17ABA178-C5BA-4C74-91AE-3CE66199348F}"
EndProject
Project("{2150E333-8FDC-42A3-9474-1A3956D46DE8}") = "Api", "Api", "{665EFA47-8EE9-4973-ABDC-0A67F3FFE732}"
EndProject
Project("{2150E333-8FDC-42A3-9474-1A3956D46DE8}") = "Clients", "Clients", "{FB9B35AF-B1A7-44DC-8A92-489A56690826}"
EndProject
Project("{9A19103F-16F7-4668-BE54-9A1E7A4F7556}") = "UserDbWebApi", "UserDbWebApi\UserDbWebApi.csproj", "{E640F04F-118C-46B4-AE46-6A61C97B166B}"
EndProject
Project("{9A19103F-16F7-4668-BE54-9A1E7A4F7556}") = "IdentityServerApi_AspNetIdentity", "IdentityServerApi_AspNetIdentity\IdentityServerApi_AspNetIdentity.csproj", "{713EF297-4ED5-4EF4-AFDE-8561BCDE46FA}"
EndProject
Project("{9A19103F-16F7-4668-BE54-9A1E7A4F7556}") = "JsClient", "JsClient\JsClient.csproj", "{1FD8392B-6FA8-41D7-8520-29B88A0CFB16}"
EndProject
Project("{9A19103F-16F7-4668-BE54-9A1E7A4F7556}") = "WebApi", "WebApi\WebApi.csproj", "{D4180C18-7EB5-4C56-BC35-477D19E1E56D}"
EndProject
Project("{9A19103F-16F7-4668-BE54-9A1E7A4F7556}") = "Shared.Kernel", "Shared\Shared.Kernel.csproj", "{15E978DC-F670-4316-A28F-DD3C8C5CB3D2}"
EndProject
Project("{2150E333-8FDC-42A3-9474-1A3956D46DE8}") = "BL", "BL", "{5E057C35-4A65-402F-9A8E-5EC6FFC3320E}"
EndProject
Project("{9A19103F-16F7-4668-BE54-9A1E7A4F7556}") = "BL.Services", "BL.Services\BL.Services.csproj", "{AEA954BF-BB89-4C0F-AC30-7D58B151F552}"
EndProject
Project("{2150E333-8FDC-42A3-9474-1A3956D46DE8}") = "Digests", "Digests", "{CA4F2E55-CBCF-4F9F-BDAC-7C67F78EE279}"
EndProject
Project("{2150E333-8FDC-42A3-9474-1A3956D46DE8}") = "Order", "Order", "{0967EAAA-DB9F-4944-9AAD-3E46B5E7746D}"
EndProject
Project("{9A19103F-16F7-4668-BE54-9A1E7A4F7556}") = "Digests.Core", "DigestsSubDomain.Core\Digests.Core.csproj", "{E360D180-0754-4D33-8F7F-1C39718A43A7}"
EndProject
Project("{2150E333-8FDC-42A3-9474-1A3956D46DE8}") = "DOMAIN", "DOMAIN", "{353E9CD7-47A8-4634-B4D6-566DC1972FF0}"
EndProject
Project("{2150E333-8FDC-42A3-9474-1A3956D46DE8}") = "SharedDatabaseManagmentTools", "SharedDatabaseManagmentTools", "{1925ED1F-B9F7-4829-BBB9-1F2A0E833C4B}"
EndProject
Project("{9A19103F-16F7-4668-BE54-9A1E7A4F7556}") = "Database.Abstract", "Database.Abstract\Database.Abstract.csproj", "{592BB165-3B5C-4A63-8C7E-83EC5C6E3767}"
EndProject
Project("{9A19103F-16F7-4668-BE54-9A1E7A4F7556}") = "DddTestApi", "DddTestApi\DddTestApi.csproj", "{E75C1A87-2414-4E1F-A93A-39F5D3F70663}"
EndProject
Project("{9A19103F-16F7-4668-BE54-9A1E7A4F7556}") = "Database.EFCore", "Database.EFCore\Database.EFCore.csproj", "{F13E71AA-4338-499A-B0C2-B6958645A8EB}"
EndProject
Project("{9A19103F-16F7-4668-BE54-9A1E7A4F7556}") = "Digests.Data.EfCore", "DigestsSubDomain.Data\Digests.Data.EfCore.csproj", "{895A75AC-43F3-48E3-A89C-A8D1D070086B}"
EndProject
Project("{2150E333-8FDC-42A3-9474-1A3956D46DE8}") = "Shared", "Shared", "{36EEB292-8AFF-4ADD-A3F6-8ECC600773E1}"
EndProject
Project("{9A19103F-16F7-4668-BE54-9A1E7A4F7556}") = "Digests.Data.Abstract", "Digests.Data.Abstract\Digests.Data.Abstract.csproj", "{F5B668B0-8CE9-428F-A56F-76423554F665}"
EndProject
Project("{FAE04EC0-301F-11D3-BF4B-00C04F79EFBC}") = "Digests.IntegrationTests", "Digests.IntegrationTests\Digests.IntegrationTests.csproj", "{82EC9DC9-05C1-499E-BC45-94803677CE1C}"
EndProject
Global
	GlobalSection(SolutionConfigurationPlatforms) = preSolution
		Debug|Any CPU = Debug|Any CPU
		Release|Any CPU = Release|Any CPU
	EndGlobalSection
	GlobalSection(ProjectConfigurationPlatforms) = postSolution
		{E640F04F-118C-46B4-AE46-6A61C97B166B}.Debug|Any CPU.ActiveCfg = Debug|Any CPU
		{E640F04F-118C-46B4-AE46-6A61C97B166B}.Debug|Any CPU.Build.0 = Debug|Any CPU
		{E640F04F-118C-46B4-AE46-6A61C97B166B}.Release|Any CPU.ActiveCfg = Release|Any CPU
		{E640F04F-118C-46B4-AE46-6A61C97B166B}.Release|Any CPU.Build.0 = Release|Any CPU
		{713EF297-4ED5-4EF4-AFDE-8561BCDE46FA}.Debug|Any CPU.ActiveCfg = Debug|Any CPU
		{713EF297-4ED5-4EF4-AFDE-8561BCDE46FA}.Debug|Any CPU.Build.0 = Debug|Any CPU
		{713EF297-4ED5-4EF4-AFDE-8561BCDE46FA}.Release|Any CPU.ActiveCfg = Release|Any CPU
		{713EF297-4ED5-4EF4-AFDE-8561BCDE46FA}.Release|Any CPU.Build.0 = Release|Any CPU
		{1FD8392B-6FA8-41D7-8520-29B88A0CFB16}.Debug|Any CPU.ActiveCfg = Debug|Any CPU
		{1FD8392B-6FA8-41D7-8520-29B88A0CFB16}.Debug|Any CPU.Build.0 = Debug|Any CPU
		{1FD8392B-6FA8-41D7-8520-29B88A0CFB16}.Release|Any CPU.ActiveCfg = Release|Any CPU
		{1FD8392B-6FA8-41D7-8520-29B88A0CFB16}.Release|Any CPU.Build.0 = Release|Any CPU
		{D4180C18-7EB5-4C56-BC35-477D19E1E56D}.Debug|Any CPU.ActiveCfg = Debug|Any CPU
		{D4180C18-7EB5-4C56-BC35-477D19E1E56D}.Debug|Any CPU.Build.0 = Debug|Any CPU
		{D4180C18-7EB5-4C56-BC35-477D19E1E56D}.Release|Any CPU.ActiveCfg = Release|Any CPU
		{D4180C18-7EB5-4C56-BC35-477D19E1E56D}.Release|Any CPU.Build.0 = Release|Any CPU
		{15E978DC-F670-4316-A28F-DD3C8C5CB3D2}.Debug|Any CPU.ActiveCfg = Debug|Any CPU
		{15E978DC-F670-4316-A28F-DD3C8C5CB3D2}.Debug|Any CPU.Build.0 = Debug|Any CPU
		{15E978DC-F670-4316-A28F-DD3C8C5CB3D2}.Release|Any CPU.ActiveCfg = Release|Any CPU
		{15E978DC-F670-4316-A28F-DD3C8C5CB3D2}.Release|Any CPU.Build.0 = Release|Any CPU
		{AEA954BF-BB89-4C0F-AC30-7D58B151F552}.Debug|Any CPU.ActiveCfg = Debug|Any CPU
		{AEA954BF-BB89-4C0F-AC30-7D58B151F552}.Debug|Any CPU.Build.0 = Debug|Any CPU
		{AEA954BF-BB89-4C0F-AC30-7D58B151F552}.Release|Any CPU.ActiveCfg = Release|Any CPU
		{AEA954BF-BB89-4C0F-AC30-7D58B151F552}.Release|Any CPU.Build.0 = Release|Any CPU
		{E360D180-0754-4D33-8F7F-1C39718A43A7}.Debug|Any CPU.ActiveCfg = Debug|Any CPU
		{E360D180-0754-4D33-8F7F-1C39718A43A7}.Debug|Any CPU.Build.0 = Debug|Any CPU
		{E360D180-0754-4D33-8F7F-1C39718A43A7}.Release|Any CPU.ActiveCfg = Release|Any CPU
		{E360D180-0754-4D33-8F7F-1C39718A43A7}.Release|Any CPU.Build.0 = Release|Any CPU
		{592BB165-3B5C-4A63-8C7E-83EC5C6E3767}.Debug|Any CPU.ActiveCfg = Debug|Any CPU
		{592BB165-3B5C-4A63-8C7E-83EC5C6E3767}.Debug|Any CPU.Build.0 = Debug|Any CPU
		{592BB165-3B5C-4A63-8C7E-83EC5C6E3767}.Release|Any CPU.ActiveCfg = Release|Any CPU
		{592BB165-3B5C-4A63-8C7E-83EC5C6E3767}.Release|Any CPU.Build.0 = Release|Any CPU
		{E75C1A87-2414-4E1F-A93A-39F5D3F70663}.Debug|Any CPU.ActiveCfg = Debug|Any CPU
		{E75C1A87-2414-4E1F-A93A-39F5D3F70663}.Debug|Any CPU.Build.0 = Debug|Any CPU
		{E75C1A87-2414-4E1F-A93A-39F5D3F70663}.Release|Any CPU.ActiveCfg = Release|Any CPU
		{E75C1A87-2414-4E1F-A93A-39F5D3F70663}.Release|Any CPU.Build.0 = Release|Any CPU
		{F13E71AA-4338-499A-B0C2-B6958645A8EB}.Debug|Any CPU.ActiveCfg = Debug|Any CPU
		{F13E71AA-4338-499A-B0C2-B6958645A8EB}.Debug|Any CPU.Build.0 = Debug|Any CPU
		{F13E71AA-4338-499A-B0C2-B6958645A8EB}.Release|Any CPU.ActiveCfg = Release|Any CPU
		{F13E71AA-4338-499A-B0C2-B6958645A8EB}.Release|Any CPU.Build.0 = Release|Any CPU
		{895A75AC-43F3-48E3-A89C-A8D1D070086B}.Debug|Any CPU.ActiveCfg = Debug|Any CPU
		{895A75AC-43F3-48E3-A89C-A8D1D070086B}.Debug|Any CPU.Build.0 = Debug|Any CPU
		{895A75AC-43F3-48E3-A89C-A8D1D070086B}.Release|Any CPU.ActiveCfg = Release|Any CPU
		{895A75AC-43F3-48E3-A89C-A8D1D070086B}.Release|Any CPU.Build.0 = Release|Any CPU
		{F5B668B0-8CE9-428F-A56F-76423554F665}.Debug|Any CPU.ActiveCfg = Debug|Any CPU
		{F5B668B0-8CE9-428F-A56F-76423554F665}.Debug|Any CPU.Build.0 = Debug|Any CPU
		{F5B668B0-8CE9-428F-A56F-76423554F665}.Release|Any CPU.ActiveCfg = Release|Any CPU
		{F5B668B0-8CE9-428F-A56F-76423554F665}.Release|Any CPU.Build.0 = Release|Any CPU
		{82EC9DC9-05C1-499E-BC45-94803677CE1C}.Debug|Any CPU.ActiveCfg = Debug|Any CPU
		{82EC9DC9-05C1-499E-BC45-94803677CE1C}.Debug|Any CPU.Build.0 = Debug|Any CPU
		{82EC9DC9-05C1-499E-BC45-94803677CE1C}.Release|Any CPU.ActiveCfg = Release|Any CPU
		{82EC9DC9-05C1-499E-BC45-94803677CE1C}.Release|Any CPU.Build.0 = Release|Any CPU
	EndGlobalSection
	GlobalSection(SolutionProperties) = preSolution
		HideSolutionNode = FALSE
	EndGlobalSection
	GlobalSection(NestedProjects) = preSolution
		{E640F04F-118C-46B4-AE46-6A61C97B166B} = {665EFA47-8EE9-4973-ABDC-0A67F3FFE732}
		{713EF297-4ED5-4EF4-AFDE-8561BCDE46FA} = {17ABA178-C5BA-4C74-91AE-3CE66199348F}
		{1FD8392B-6FA8-41D7-8520-29B88A0CFB16} = {FB9B35AF-B1A7-44DC-8A92-489A56690826}
		{D4180C18-7EB5-4C56-BC35-477D19E1E56D} = {665EFA47-8EE9-4973-ABDC-0A67F3FFE732}
		{15E978DC-F670-4316-A28F-DD3C8C5CB3D2} = {36EEB292-8AFF-4ADD-A3F6-8ECC600773E1}
		{AEA954BF-BB89-4C0F-AC30-7D58B151F552} = {5E057C35-4A65-402F-9A8E-5EC6FFC3320E}
		{CA4F2E55-CBCF-4F9F-BDAC-7C67F78EE279} = {353E9CD7-47A8-4634-B4D6-566DC1972FF0}
		{0967EAAA-DB9F-4944-9AAD-3E46B5E7746D} = {353E9CD7-47A8-4634-B4D6-566DC1972FF0}
		{E360D180-0754-4D33-8F7F-1C39718A43A7} = {CA4F2E55-CBCF-4F9F-BDAC-7C67F78EE279}
		{1925ED1F-B9F7-4829-BBB9-1F2A0E833C4B} = {36EEB292-8AFF-4ADD-A3F6-8ECC600773E1}
		{592BB165-3B5C-4A63-8C7E-83EC5C6E3767} = {1925ED1F-B9F7-4829-BBB9-1F2A0E833C4B}
		{E75C1A87-2414-4E1F-A93A-39F5D3F70663} = {665EFA47-8EE9-4973-ABDC-0A67F3FFE732}
		{F13E71AA-4338-499A-B0C2-B6958645A8EB} = {1925ED1F-B9F7-4829-BBB9-1F2A0E833C4B}
		{895A75AC-43F3-48E3-A89C-A8D1D070086B} = {CA4F2E55-CBCF-4F9F-BDAC-7C67F78EE279}
		{F5B668B0-8CE9-428F-A56F-76423554F665} = {CA4F2E55-CBCF-4F9F-BDAC-7C67F78EE279}
		{82EC9DC9-05C1-499E-BC45-94803677CE1C} = {CA4F2E55-CBCF-4F9F-BDAC-7C67F78EE279}
	EndGlobalSection
	GlobalSection(ExtensibilityGlobals) = postSolution
		SolutionGuid = {8716BE27-C92C-40C2-952F-7CF128D6CFED}
	EndGlobalSection
EndGlobal
